
Microsoft Visual Studio Solution File, Format Version 9.00
# Visual Studio 2005
Project("{8BC9CEB8-8B4A-11D0-8D11-00A0C91BC942}") = "pruebas", "pruebas\pruebas.vcproj", "{7045BFE6-8566-491A-A7BA-35C44E27CC18}"
EndProject
Global
	GlobalSection(SolutionConfigurationPlatforms) = preSolution
		Debug|Win32 = Debug|Win32
		Release|Win32 = Release|Win32
	EndGlobalSection
	GlobalSection(ProjectConfigurationPlatforms) = postSolution
		{7045BFE6-8566-491A-A7BA-35C44E27CC18}.Debug|Win32.ActiveCfg = Debug|Win32
		{7045BFE6-8566-491A-A7BA-35C44E27CC18}.Debug|Win32.Build.0 = Debug|Win32
		{7045BFE6-8566-491A-A7BA-35C44E27CC18}.Release|Win32.ActiveCfg = Release|Win32
		{7045BFE6-8566-491A-A7BA-35C44E27CC18}.Release|Win32.Build.0 = Release|Win32
	EndGlobalSection
	GlobalSection(SolutionProperties) = preSolution
		HideSolutionNode = FALSE
	EndGlobalSection
EndGlobal
